
Microsoft Visual Studio Solution File, Format Version 11.00
# Visual C# Express 2010
Project("{FAE04EC0-301F-11D3-BF4B-00C04F79EFBC}") = "FontBuddySample", "FontBuddySample\FontBuddySample.csproj", "{06215640-6B19-4072-868E-575170DFA25D}"
EndProject
Project("{FAE04EC0-301F-11D3-BF4B-00C04F79EFBC}") = "FontBuddySampleContent", "FontBuddySampleContent\FontBuddySampleContent.contentproj", "{D50CEFDD-01C6-48CF-877F-853243261769}"
EndProject
Project("{FAE04EC0-301F-11D3-BF4B-00C04F79EFBC}") = "FontBuddy", "..\externals\FontBuddy\FontBuddy\FontBuddy.csproj", "{30A0EB57-95B0-4C85-A88E-71C40E9BE671}"
EndProject
Global
	GlobalSection(SolutionConfigurationPlatforms) = preSolution
		Debug|x86 = Debug|x86
		Release|x86 = Release|x86
	EndGlobalSection
	GlobalSection(ProjectConfigurationPlatforms) = postSolution
		{06215640-6B19-4072-868E-575170DFA25D}.Debug|x86.ActiveCfg = Debug|x86
		{06215640-6B19-4072-868E-575170DFA25D}.Debug|x86.Build.0 = Debug|x86
		{06215640-6B19-4072-868E-575170DFA25D}.Release|x86.ActiveCfg = Release|x86
		{06215640-6B19-4072-868E-575170DFA25D}.Release|x86.Build.0 = Release|x86
		{D50CEFDD-01C6-48CF-877F-853243261769}.Debug|x86.ActiveCfg = Debug|x86
		{D50CEFDD-01C6-48CF-877F-853243261769}.Release|x86.ActiveCfg = Release|x86
		{30A0EB57-95B0-4C85-A88E-71C40E9BE671}.Debug|x86.ActiveCfg = Debug|x86
		{30A0EB57-95B0-4C85-A88E-71C40E9BE671}.Debug|x86.Build.0 = Debug|x86
		{30A0EB57-95B0-4C85-A88E-71C40E9BE671}.Release|x86.ActiveCfg = Release|x86
		{30A0EB57-95B0-4C85-A88E-71C40E9BE671}.Release|x86.Build.0 = Release|x86
	EndGlobalSection
	GlobalSection(SolutionProperties) = preSolution
		HideSolutionNode = FALSE
	EndGlobalSection
EndGlobal
