
Microsoft Visual Studio Solution File, Format Version 12.00
# Visual Studio Version 16
VisualStudioVersion = 16.0.29509.3
MinimumVisualStudioVersion = 10.0.40219.1
Project("{FAE04EC0-301F-11D3-BF4B-00C04F79EFBC}") = "FontBuddySample.Android", "FontBuddySample.Android\FontBuddySample.Android.csproj", "{FACB7BC3-19B2-4800-94DE-5B01D6B22C2A}"
EndProject
Project("{FAE04EC0-301F-11D3-BF4B-00C04F79EFBC}") = "FontBuddySample.WindowsUniversal", "FontBuddySample.WindowsUniversal\FontBuddySample.WindowsUniversal.csproj", "{1EEDC16B-D377-4416-8502-12AECA4AC62C}"
EndProject
Project("{FAE04EC0-301F-11D3-BF4B-00C04F79EFBC}") = "FontBuddySample.iOS", "FontBuddySample.iOS\FontBuddySample.iOS.csproj", "{BAE4A616-0D6F-452D-A448-F31FEAB2504F}"
EndProject
Project("{FAE04EC0-301F-11D3-BF4B-00C04F79EFBC}") = "FontBuddySample.WindowsDX", "FontBuddySample.WindowsDX\FontBuddySample.WindowsDX.csproj", "{AED266AB-757B-4017-ABE9-6B41DA81F511}"
EndProject
Project("{D954291E-2A0B-460D-934E-DC6B0785DB48}") = "FontBuddySample.SharedProject", "FontBuddySample.SharedProject\FontBuddySample.SharedProject.shproj", "{6D314787-BF0C-47A8-A500-0F3CBC01A1BD}"
EndProject
Global
	GlobalSection(SharedMSBuildProjectFiles) = preSolution
		FontBuddySample.SharedProject\FontBuddySample.SharedProject.projitems*{6d314787-bf0c-47a8-a500-0f3cbc01a1bd}*SharedItemsImports = 13
		FontBuddySample.SharedProject\FontBuddySample.SharedProject.projitems*{aed266ab-757b-4017-abe9-6b41da81f511}*SharedItemsImports = 4
		FontBuddySample.SharedProject\FontBuddySample.SharedProject.projitems*{bae4a616-0d6f-452d-a448-f31feab2504f}*SharedItemsImports = 4
		FontBuddySample.SharedProject\FontBuddySample.SharedProject.projitems*{facb7bc3-19b2-4800-94de-5b01d6b22c2a}*SharedItemsImports = 4
	EndGlobalSection
	GlobalSection(SolutionConfigurationPlatforms) = preSolution
		Ad-Hoc|Any CPU = Ad-Hoc|Any CPU
		Ad-Hoc|ARM = Ad-Hoc|ARM
		Ad-Hoc|iPhone = Ad-Hoc|iPhone
		Ad-Hoc|iPhoneSimulator = Ad-Hoc|iPhoneSimulator
		Ad-Hoc|x64 = Ad-Hoc|x64
		Ad-Hoc|x86 = Ad-Hoc|x86
		AppStore|Any CPU = AppStore|Any CPU
		AppStore|ARM = AppStore|ARM
		AppStore|iPhone = AppStore|iPhone
		AppStore|iPhoneSimulator = AppStore|iPhoneSimulator
		AppStore|x64 = AppStore|x64
		AppStore|x86 = AppStore|x86
		Debug|Any CPU = Debug|Any CPU
		Debug|ARM = Debug|ARM
		Debug|iPhone = Debug|iPhone
		Debug|iPhoneSimulator = Debug|iPhoneSimulator
		Debug|x64 = Debug|x64
		Debug|x86 = Debug|x86
		Release|Any CPU = Release|Any CPU
		Release|ARM = Release|ARM
		Release|iPhone = Release|iPhone
		Release|iPhoneSimulator = Release|iPhoneSimulator
		Release|x64 = Release|x64
		Release|x86 = Release|x86
	EndGlobalSection
	GlobalSection(ProjectConfigurationPlatforms) = postSolution
		{FACB7BC3-19B2-4800-94DE-5B01D6B22C2A}.Ad-Hoc|Any CPU.ActiveCfg = Release|Any CPU
		{FACB7BC3-19B2-4800-94DE-5B01D6B22C2A}.Ad-Hoc|Any CPU.Build.0 = Release|Any CPU
		{FACB7BC3-19B2-4800-94DE-5B01D6B22C2A}.Ad-Hoc|Any CPU.Deploy.0 = Release|Any CPU
		{FACB7BC3-19B2-4800-94DE-5B01D6B22C2A}.Ad-Hoc|ARM.ActiveCfg = Release|Any CPU
		{FACB7BC3-19B2-4800-94DE-5B01D6B22C2A}.Ad-Hoc|ARM.Build.0 = Release|Any CPU
		{FACB7BC3-19B2-4800-94DE-5B01D6B22C2A}.Ad-Hoc|ARM.Deploy.0 = Release|Any CPU
		{FACB7BC3-19B2-4800-94DE-5B01D6B22C2A}.Ad-Hoc|iPhone.ActiveCfg = Release|Any CPU
		{FACB7BC3-19B2-4800-94DE-5B01D6B22C2A}.Ad-Hoc|iPhone.Build.0 = Release|Any CPU
		{FACB7BC3-19B2-4800-94DE-5B01D6B22C2A}.Ad-Hoc|iPhone.Deploy.0 = Release|Any CPU
		{FACB7BC3-19B2-4800-94DE-5B01D6B22C2A}.Ad-Hoc|iPhoneSimulator.ActiveCfg = Release|Any CPU
		{FACB7BC3-19B2-4800-94DE-5B01D6B22C2A}.Ad-Hoc|iPhoneSimulator.Build.0 = Release|Any CPU
		{FACB7BC3-19B2-4800-94DE-5B01D6B22C2A}.Ad-Hoc|iPhoneSimulator.Deploy.0 = Release|Any CPU
		{FACB7BC3-19B2-4800-94DE-5B01D6B22C2A}.Ad-Hoc|x64.ActiveCfg = Release|Any CPU
		{FACB7BC3-19B2-4800-94DE-5B01D6B22C2A}.Ad-Hoc|x64.Build.0 = Release|Any CPU
		{FACB7BC3-19B2-4800-94DE-5B01D6B22C2A}.Ad-Hoc|x64.Deploy.0 = Release|Any CPU
		{FACB7BC3-19B2-4800-94DE-5B01D6B22C2A}.Ad-Hoc|x86.ActiveCfg = Release|Any CPU
		{FACB7BC3-19B2-4800-94DE-5B01D6B22C2A}.Ad-Hoc|x86.Build.0 = Release|Any CPU
		{FACB7BC3-19B2-4800-94DE-5B01D6B22C2A}.Ad-Hoc|x86.Deploy.0 = Release|Any CPU
		{FACB7BC3-19B2-4800-94DE-5B01D6B22C2A}.AppStore|Any CPU.ActiveCfg = Release|Any CPU
		{FACB7BC3-19B2-4800-94DE-5B01D6B22C2A}.AppStore|Any CPU.Build.0 = Release|Any CPU
		{FACB7BC3-19B2-4800-94DE-5B01D6B22C2A}.AppStore|Any CPU.Deploy.0 = Release|Any CPU
		{FACB7BC3-19B2-4800-94DE-5B01D6B22C2A}.AppStore|ARM.ActiveCfg = Release|Any CPU
		{FACB7BC3-19B2-4800-94DE-5B01D6B22C2A}.AppStore|ARM.Build.0 = Release|Any CPU
		{FACB7BC3-19B2-4800-94DE-5B01D6B22C2A}.AppStore|ARM.Deploy.0 = Release|Any CPU
		{FACB7BC3-19B2-4800-94DE-5B01D6B22C2A}.AppStore|iPhone.ActiveCfg = Release|Any CPU
		{FACB7BC3-19B2-4800-94DE-5B01D6B22C2A}.AppStore|iPhone.Build.0 = Release|Any CPU
		{FACB7BC3-19B2-4800-94DE-5B01D6B22C2A}.AppStore|iPhone.Deploy.0 = Release|Any CPU
		{FACB7BC3-19B2-4800-94DE-5B01D6B22C2A}.AppStore|iPhoneSimulator.ActiveCfg = Release|Any CPU
		{FACB7BC3-19B2-4800-94DE-5B01D6B22C2A}.AppStore|iPhoneSimulator.Build.0 = Release|Any CPU
		{FACB7BC3-19B2-4800-94DE-5B01D6B22C2A}.AppStore|iPhoneSimulator.Deploy.0 = Release|Any CPU
		{FACB7BC3-19B2-4800-94DE-5B01D6B22C2A}.AppStore|x64.ActiveCfg = Release|Any CPU
		{FACB7BC3-19B2-4800-94DE-5B01D6B22C2A}.AppStore|x64.Build.0 = Release|Any CPU
		{FACB7BC3-19B2-4800-94DE-5B01D6B22C2A}.AppStore|x64.Deploy.0 = Release|Any CPU
		{FACB7BC3-19B2-4800-94DE-5B01D6B22C2A}.AppStore|x86.ActiveCfg = Release|Any CPU
		{FACB7BC3-19B2-4800-94DE-5B01D6B22C2A}.AppStore|x86.Build.0 = Release|Any CPU
		{FACB7BC3-19B2-4800-94DE-5B01D6B22C2A}.AppStore|x86.Deploy.0 = Release|Any CPU
		{FACB7BC3-19B2-4800-94DE-5B01D6B22C2A}.Debug|Any CPU.ActiveCfg = Debug|Any CPU
		{FACB7BC3-19B2-4800-94DE-5B01D6B22C2A}.Debug|Any CPU.Build.0 = Debug|Any CPU
		{FACB7BC3-19B2-4800-94DE-5B01D6B22C2A}.Debug|Any CPU.Deploy.0 = Debug|Any CPU
		{FACB7BC3-19B2-4800-94DE-5B01D6B22C2A}.Debug|ARM.ActiveCfg = Debug|Any CPU
		{FACB7BC3-19B2-4800-94DE-5B01D6B22C2A}.Debug|ARM.Build.0 = Debug|Any CPU
		{FACB7BC3-19B2-4800-94DE-5B01D6B22C2A}.Debug|ARM.Deploy.0 = Debug|Any CPU
		{FACB7BC3-19B2-4800-94DE-5B01D6B22C2A}.Debug|iPhone.ActiveCfg = Debug|Any CPU
		{FACB7BC3-19B2-4800-94DE-5B01D6B22C2A}.Debug|iPhone.Build.0 = Debug|Any CPU
		{FACB7BC3-19B2-4800-94DE-5B01D6B22C2A}.Debug|iPhone.Deploy.0 = Debug|Any CPU
		{FACB7BC3-19B2-4800-94DE-5B01D6B22C2A}.Debug|iPhoneSimulator.ActiveCfg = Debug|Any CPU
		{FACB7BC3-19B2-4800-94DE-5B01D6B22C2A}.Debug|iPhoneSimulator.Build.0 = Debug|Any CPU
		{FACB7BC3-19B2-4800-94DE-5B01D6B22C2A}.Debug|iPhoneSimulator.Deploy.0 = Debug|Any CPU
		{FACB7BC3-19B2-4800-94DE-5B01D6B22C2A}.Debug|x64.ActiveCfg = Debug|Any CPU
		{FACB7BC3-19B2-4800-94DE-5B01D6B22C2A}.Debug|x64.Build.0 = Debug|Any CPU
		{FACB7BC3-19B2-4800-94DE-5B01D6B22C2A}.Debug|x64.Deploy.0 = Debug|Any CPU
		{FACB7BC3-19B2-4800-94DE-5B01D6B22C2A}.Debug|x86.ActiveCfg = Debug|Any CPU
		{FACB7BC3-19B2-4800-94DE-5B01D6B22C2A}.Debug|x86.Build.0 = Debug|Any CPU
		{FACB7BC3-19B2-4800-94DE-5B01D6B22C2A}.Debug|x86.Deploy.0 = Debug|Any CPU
		{FACB7BC3-19B2-4800-94DE-5B01D6B22C2A}.Release|Any CPU.ActiveCfg = Release|Any CPU
		{FACB7BC3-19B2-4800-94DE-5B01D6B22C2A}.Release|Any CPU.Build.0 = Release|Any CPU
		{FACB7BC3-19B2-4800-94DE-5B01D6B22C2A}.Release|ARM.ActiveCfg = Release|Any CPU
		{FACB7BC3-19B2-4800-94DE-5B01D6B22C2A}.Release|ARM.Build.0 = Release|Any CPU
		{FACB7BC3-19B2-4800-94DE-5B01D6B22C2A}.Release|ARM.Deploy.0 = Release|Any CPU
		{FACB7BC3-19B2-4800-94DE-5B01D6B22C2A}.Release|iPhone.ActiveCfg = Release|Any CPU
		{FACB7BC3-19B2-4800-94DE-5B01D6B22C2A}.Release|iPhone.Build.0 = Release|Any CPU
		{FACB7BC3-19B2-4800-94DE-5B01D6B22C2A}.Release|iPhone.Deploy.0 = Release|Any CPU
		{FACB7BC3-19B2-4800-94DE-5B01D6B22C2A}.Release|iPhoneSimulator.ActiveCfg = Release|Any CPU
		{FACB7BC3-19B2-4800-94DE-5B01D6B22C2A}.Release|iPhoneSimulator.Build.0 = Release|Any CPU
		{FACB7BC3-19B2-4800-94DE-5B01D6B22C2A}.Release|iPhoneSimulator.Deploy.0 = Release|Any CPU
		{FACB7BC3-19B2-4800-94DE-5B01D6B22C2A}.Release|x64.ActiveCfg = Release|Any CPU
		{FACB7BC3-19B2-4800-94DE-5B01D6B22C2A}.Release|x64.Build.0 = Release|Any CPU
		{FACB7BC3-19B2-4800-94DE-5B01D6B22C2A}.Release|x64.Deploy.0 = Release|Any CPU
		{FACB7BC3-19B2-4800-94DE-5B01D6B22C2A}.Release|x86.ActiveCfg = Release|Any CPU
		{FACB7BC3-19B2-4800-94DE-5B01D6B22C2A}.Release|x86.Build.0 = Release|Any CPU
		{FACB7BC3-19B2-4800-94DE-5B01D6B22C2A}.Release|x86.Deploy.0 = Release|Any CPU
		{1EEDC16B-D377-4416-8502-12AECA4AC62C}.Ad-Hoc|Any CPU.ActiveCfg = Release|x64
		{1EEDC16B-D377-4416-8502-12AECA4AC62C}.Ad-Hoc|Any CPU.Build.0 = Release|x64
		{1EEDC16B-D377-4416-8502-12AECA4AC62C}.Ad-Hoc|Any CPU.Deploy.0 = Release|x64
		{1EEDC16B-D377-4416-8502-12AECA4AC62C}.Ad-Hoc|ARM.ActiveCfg = Release|ARM
		{1EEDC16B-D377-4416-8502-12AECA4AC62C}.Ad-Hoc|ARM.Build.0 = Release|ARM
		{1EEDC16B-D377-4416-8502-12AECA4AC62C}.Ad-Hoc|ARM.Deploy.0 = Release|ARM
		{1EEDC16B-D377-4416-8502-12AECA4AC62C}.Ad-Hoc|iPhone.ActiveCfg = Release|x64
		{1EEDC16B-D377-4416-8502-12AECA4AC62C}.Ad-Hoc|iPhone.Build.0 = Release|x64
		{1EEDC16B-D377-4416-8502-12AECA4AC62C}.Ad-Hoc|iPhone.Deploy.0 = Release|x64
		{1EEDC16B-D377-4416-8502-12AECA4AC62C}.Ad-Hoc|iPhoneSimulator.ActiveCfg = Release|x64
		{1EEDC16B-D377-4416-8502-12AECA4AC62C}.Ad-Hoc|iPhoneSimulator.Build.0 = Release|x64
		{1EEDC16B-D377-4416-8502-12AECA4AC62C}.Ad-Hoc|iPhoneSimulator.Deploy.0 = Release|x64
		{1EEDC16B-D377-4416-8502-12AECA4AC62C}.Ad-Hoc|x64.ActiveCfg = Release|x64
		{1EEDC16B-D377-4416-8502-12AECA4AC62C}.Ad-Hoc|x64.Build.0 = Release|x64
		{1EEDC16B-D377-4416-8502-12AECA4AC62C}.Ad-Hoc|x64.Deploy.0 = Release|x64
		{1EEDC16B-D377-4416-8502-12AECA4AC62C}.Ad-Hoc|x86.ActiveCfg = Release|x86
		{1EEDC16B-D377-4416-8502-12AECA4AC62C}.Ad-Hoc|x86.Build.0 = Release|x86
		{1EEDC16B-D377-4416-8502-12AECA4AC62C}.Ad-Hoc|x86.Deploy.0 = Release|x86
		{1EEDC16B-D377-4416-8502-12AECA4AC62C}.AppStore|Any CPU.ActiveCfg = Release|x64
		{1EEDC16B-D377-4416-8502-12AECA4AC62C}.AppStore|Any CPU.Build.0 = Release|x64
		{1EEDC16B-D377-4416-8502-12AECA4AC62C}.AppStore|Any CPU.Deploy.0 = Release|x64
		{1EEDC16B-D377-4416-8502-12AECA4AC62C}.AppStore|ARM.ActiveCfg = Release|ARM
		{1EEDC16B-D377-4416-8502-12AECA4AC62C}.AppStore|ARM.Build.0 = Release|ARM
		{1EEDC16B-D377-4416-8502-12AECA4AC62C}.AppStore|ARM.Deploy.0 = Release|ARM
		{1EEDC16B-D377-4416-8502-12AECA4AC62C}.AppStore|iPhone.ActiveCfg = Release|x64
		{1EEDC16B-D377-4416-8502-12AECA4AC62C}.AppStore|iPhone.Build.0 = Release|x64
		{1EEDC16B-D377-4416-8502-12AECA4AC62C}.AppStore|iPhone.Deploy.0 = Release|x64
		{1EEDC16B-D377-4416-8502-12AECA4AC62C}.AppStore|iPhoneSimulator.ActiveCfg = Release|x64
		{1EEDC16B-D377-4416-8502-12AECA4AC62C}.AppStore|iPhoneSimulator.Build.0 = Release|x64
		{1EEDC16B-D377-4416-8502-12AECA4AC62C}.AppStore|iPhoneSimulator.Deploy.0 = Release|x64
		{1EEDC16B-D377-4416-8502-12AECA4AC62C}.AppStore|x64.ActiveCfg = Release|x64
		{1EEDC16B-D377-4416-8502-12AECA4AC62C}.AppStore|x64.Build.0 = Release|x64
		{1EEDC16B-D377-4416-8502-12AECA4AC62C}.AppStore|x64.Deploy.0 = Release|x64
		{1EEDC16B-D377-4416-8502-12AECA4AC62C}.AppStore|x86.ActiveCfg = Release|x86
		{1EEDC16B-D377-4416-8502-12AECA4AC62C}.AppStore|x86.Build.0 = Release|x86
		{1EEDC16B-D377-4416-8502-12AECA4AC62C}.AppStore|x86.Deploy.0 = Release|x86
		{1EEDC16B-D377-4416-8502-12AECA4AC62C}.Debug|Any CPU.ActiveCfg = Debug|ARM
		{1EEDC16B-D377-4416-8502-12AECA4AC62C}.Debug|Any CPU.Build.0 = Debug|ARM
		{1EEDC16B-D377-4416-8502-12AECA4AC62C}.Debug|Any CPU.Deploy.0 = Debug|ARM
		{1EEDC16B-D377-4416-8502-12AECA4AC62C}.Debug|ARM.ActiveCfg = Debug|ARM
		{1EEDC16B-D377-4416-8502-12AECA4AC62C}.Debug|ARM.Build.0 = Debug|ARM
		{1EEDC16B-D377-4416-8502-12AECA4AC62C}.Debug|ARM.Deploy.0 = Debug|ARM
		{1EEDC16B-D377-4416-8502-12AECA4AC62C}.Debug|iPhone.ActiveCfg = Debug|x86
		{1EEDC16B-D377-4416-8502-12AECA4AC62C}.Debug|iPhoneSimulator.ActiveCfg = Debug|x86
		{1EEDC16B-D377-4416-8502-12AECA4AC62C}.Debug|x64.ActiveCfg = Debug|x64
		{1EEDC16B-D377-4416-8502-12AECA4AC62C}.Debug|x64.Build.0 = Debug|x64
		{1EEDC16B-D377-4416-8502-12AECA4AC62C}.Debug|x64.Deploy.0 = Debug|x64
		{1EEDC16B-D377-4416-8502-12AECA4AC62C}.Debug|x86.ActiveCfg = Debug|x86
		{1EEDC16B-D377-4416-8502-12AECA4AC62C}.Debug|x86.Build.0 = Debug|x86
		{1EEDC16B-D377-4416-8502-12AECA4AC62C}.Debug|x86.Deploy.0 = Debug|x86
		{1EEDC16B-D377-4416-8502-12AECA4AC62C}.Release|Any CPU.ActiveCfg = Release|ARM
		{1EEDC16B-D377-4416-8502-12AECA4AC62C}.Release|Any CPU.Build.0 = Release|ARM
		{1EEDC16B-D377-4416-8502-12AECA4AC62C}.Release|ARM.ActiveCfg = Release|ARM
		{1EEDC16B-D377-4416-8502-12AECA4AC62C}.Release|ARM.Build.0 = Release|ARM
		{1EEDC16B-D377-4416-8502-12AECA4AC62C}.Release|ARM.Deploy.0 = Release|ARM
		{1EEDC16B-D377-4416-8502-12AECA4AC62C}.Release|iPhone.ActiveCfg = Release|x86
		{1EEDC16B-D377-4416-8502-12AECA4AC62C}.Release|iPhoneSimulator.ActiveCfg = Release|x86
		{1EEDC16B-D377-4416-8502-12AECA4AC62C}.Release|x64.ActiveCfg = Release|x64
		{1EEDC16B-D377-4416-8502-12AECA4AC62C}.Release|x64.Build.0 = Release|x64
		{1EEDC16B-D377-4416-8502-12AECA4AC62C}.Release|x64.Deploy.0 = Release|x64
		{1EEDC16B-D377-4416-8502-12AECA4AC62C}.Release|x86.ActiveCfg = Release|x86
		{1EEDC16B-D377-4416-8502-12AECA4AC62C}.Release|x86.Build.0 = Release|x86
		{1EEDC16B-D377-4416-8502-12AECA4AC62C}.Release|x86.Deploy.0 = Release|x86
		{BAE4A616-0D6F-452D-A448-F31FEAB2504F}.Ad-Hoc|Any CPU.ActiveCfg = Ad-Hoc|iPhone
		{BAE4A616-0D6F-452D-A448-F31FEAB2504F}.Ad-Hoc|ARM.ActiveCfg = Ad-Hoc|iPhone
		{BAE4A616-0D6F-452D-A448-F31FEAB2504F}.Ad-Hoc|iPhone.ActiveCfg = Ad-Hoc|iPhone
		{BAE4A616-0D6F-452D-A448-F31FEAB2504F}.Ad-Hoc|iPhone.Build.0 = Ad-Hoc|iPhone
		{BAE4A616-0D6F-452D-A448-F31FEAB2504F}.Ad-Hoc|iPhoneSimulator.ActiveCfg = Ad-Hoc|iPhoneSimulator
		{BAE4A616-0D6F-452D-A448-F31FEAB2504F}.Ad-Hoc|iPhoneSimulator.Build.0 = Ad-Hoc|iPhoneSimulator
		{BAE4A616-0D6F-452D-A448-F31FEAB2504F}.Ad-Hoc|x64.ActiveCfg = Ad-Hoc|iPhone
		{BAE4A616-0D6F-452D-A448-F31FEAB2504F}.Ad-Hoc|x86.ActiveCfg = Ad-Hoc|iPhone
		{BAE4A616-0D6F-452D-A448-F31FEAB2504F}.AppStore|Any CPU.ActiveCfg = AppStore|iPhone
		{BAE4A616-0D6F-452D-A448-F31FEAB2504F}.AppStore|ARM.ActiveCfg = AppStore|iPhone
		{BAE4A616-0D6F-452D-A448-F31FEAB2504F}.AppStore|iPhone.ActiveCfg = AppStore|iPhone
		{BAE4A616-0D6F-452D-A448-F31FEAB2504F}.AppStore|iPhone.Build.0 = AppStore|iPhone
		{BAE4A616-0D6F-452D-A448-F31FEAB2504F}.AppStore|iPhoneSimulator.ActiveCfg = AppStore|iPhoneSimulator
		{BAE4A616-0D6F-452D-A448-F31FEAB2504F}.AppStore|iPhoneSimulator.Build.0 = AppStore|iPhoneSimulator
		{BAE4A616-0D6F-452D-A448-F31FEAB2504F}.AppStore|x64.ActiveCfg = AppStore|iPhone
		{BAE4A616-0D6F-452D-A448-F31FEAB2504F}.AppStore|x86.ActiveCfg = AppStore|iPhone
		{BAE4A616-0D6F-452D-A448-F31FEAB2504F}.Debug|Any CPU.ActiveCfg = Debug|iPhone
		{BAE4A616-0D6F-452D-A448-F31FEAB2504F}.Debug|Any CPU.Build.0 = Debug|iPhone
		{BAE4A616-0D6F-452D-A448-F31FEAB2504F}.Debug|ARM.ActiveCfg = Debug|iPhone
		{BAE4A616-0D6F-452D-A448-F31FEAB2504F}.Debug|iPhone.ActiveCfg = Debug|iPhone
		{BAE4A616-0D6F-452D-A448-F31FEAB2504F}.Debug|iPhone.Build.0 = Debug|iPhone
		{BAE4A616-0D6F-452D-A448-F31FEAB2504F}.Debug|iPhoneSimulator.ActiveCfg = Debug|iPhoneSimulator
		{BAE4A616-0D6F-452D-A448-F31FEAB2504F}.Debug|iPhoneSimulator.Build.0 = Debug|iPhoneSimulator
		{BAE4A616-0D6F-452D-A448-F31FEAB2504F}.Debug|x64.ActiveCfg = Debug|iPhone
		{BAE4A616-0D6F-452D-A448-F31FEAB2504F}.Debug|x86.ActiveCfg = Debug|iPhone
		{BAE4A616-0D6F-452D-A448-F31FEAB2504F}.Release|Any CPU.ActiveCfg = Release|iPhoneSimulator
		{BAE4A616-0D6F-452D-A448-F31FEAB2504F}.Release|ARM.ActiveCfg = Release|iPhone
		{BAE4A616-0D6F-452D-A448-F31FEAB2504F}.Release|iPhone.ActiveCfg = Release|iPhone
		{BAE4A616-0D6F-452D-A448-F31FEAB2504F}.Release|iPhone.Build.0 = Release|iPhone
		{BAE4A616-0D6F-452D-A448-F31FEAB2504F}.Release|iPhoneSimulator.ActiveCfg = Release|iPhoneSimulator
		{BAE4A616-0D6F-452D-A448-F31FEAB2504F}.Release|iPhoneSimulator.Build.0 = Release|iPhoneSimulator
		{BAE4A616-0D6F-452D-A448-F31FEAB2504F}.Release|x64.ActiveCfg = Release|iPhone
		{BAE4A616-0D6F-452D-A448-F31FEAB2504F}.Release|x86.ActiveCfg = Release|iPhone
		{AED266AB-757B-4017-ABE9-6B41DA81F511}.Ad-Hoc|Any CPU.ActiveCfg = Release|x86
		{AED266AB-757B-4017-ABE9-6B41DA81F511}.Ad-Hoc|Any CPU.Build.0 = Release|x86
		{AED266AB-757B-4017-ABE9-6B41DA81F511}.Ad-Hoc|ARM.ActiveCfg = Release|x86
		{AED266AB-757B-4017-ABE9-6B41DA81F511}.Ad-Hoc|ARM.Build.0 = Release|x86
		{AED266AB-757B-4017-ABE9-6B41DA81F511}.Ad-Hoc|iPhone.ActiveCfg = Release|x86
		{AED266AB-757B-4017-ABE9-6B41DA81F511}.Ad-Hoc|iPhone.Build.0 = Release|x86
		{AED266AB-757B-4017-ABE9-6B41DA81F511}.Ad-Hoc|iPhoneSimulator.ActiveCfg = Release|x86
		{AED266AB-757B-4017-ABE9-6B41DA81F511}.Ad-Hoc|iPhoneSimulator.Build.0 = Release|x86
		{AED266AB-757B-4017-ABE9-6B41DA81F511}.Ad-Hoc|x64.ActiveCfg = Release|x86
		{AED266AB-757B-4017-ABE9-6B41DA81F511}.Ad-Hoc|x64.Build.0 = Release|x86
		{AED266AB-757B-4017-ABE9-6B41DA81F511}.Ad-Hoc|x86.ActiveCfg = Release|x86
		{AED266AB-757B-4017-ABE9-6B41DA81F511}.Ad-Hoc|x86.Build.0 = Release|x86
		{AED266AB-757B-4017-ABE9-6B41DA81F511}.AppStore|Any CPU.ActiveCfg = Release|x86
		{AED266AB-757B-4017-ABE9-6B41DA81F511}.AppStore|Any CPU.Build.0 = Release|x86
		{AED266AB-757B-4017-ABE9-6B41DA81F511}.AppStore|ARM.ActiveCfg = Release|x86
		{AED266AB-757B-4017-ABE9-6B41DA81F511}.AppStore|ARM.Build.0 = Release|x86
		{AED266AB-757B-4017-ABE9-6B41DA81F511}.AppStore|iPhone.ActiveCfg = Release|x86
		{AED266AB-757B-4017-ABE9-6B41DA81F511}.AppStore|iPhone.Build.0 = Release|x86
		{AED266AB-757B-4017-ABE9-6B41DA81F511}.AppStore|iPhoneSimulator.ActiveCfg = Release|x86
		{AED266AB-757B-4017-ABE9-6B41DA81F511}.AppStore|iPhoneSimulator.Build.0 = Release|x86
		{AED266AB-757B-4017-ABE9-6B41DA81F511}.AppStore|x64.ActiveCfg = Release|x86
		{AED266AB-757B-4017-ABE9-6B41DA81F511}.AppStore|x64.Build.0 = Release|x86
		{AED266AB-757B-4017-ABE9-6B41DA81F511}.AppStore|x86.ActiveCfg = Release|x86
		{AED266AB-757B-4017-ABE9-6B41DA81F511}.AppStore|x86.Build.0 = Release|x86
		{AED266AB-757B-4017-ABE9-6B41DA81F511}.Debug|Any CPU.ActiveCfg = Debug|Any CPU
		{AED266AB-757B-4017-ABE9-6B41DA81F511}.Debug|Any CPU.Build.0 = Debug|Any CPU
		{AED266AB-757B-4017-ABE9-6B41DA81F511}.Debug|ARM.ActiveCfg = Debug|x86
		{AED266AB-757B-4017-ABE9-6B41DA81F511}.Debug|iPhone.ActiveCfg = Debug|x86
		{AED266AB-757B-4017-ABE9-6B41DA81F511}.Debug|iPhoneSimulator.ActiveCfg = Debug|x86
		{AED266AB-757B-4017-ABE9-6B41DA81F511}.Debug|x64.ActiveCfg = Debug|x86
		{AED266AB-757B-4017-ABE9-6B41DA81F511}.Debug|x86.ActiveCfg = Debug|x86
		{AED266AB-757B-4017-ABE9-6B41DA81F511}.Debug|x86.Build.0 = Debug|x86
		{AED266AB-757B-4017-ABE9-6B41DA81F511}.Release|Any CPU.ActiveCfg = Release|x86
		{AED266AB-757B-4017-ABE9-6B41DA81F511}.Release|ARM.ActiveCfg = Release|x86
		{AED266AB-757B-4017-ABE9-6B41DA81F511}.Release|iPhone.ActiveCfg = Release|x86
		{AED266AB-757B-4017-ABE9-6B41DA81F511}.Release|iPhoneSimulator.ActiveCfg = Release|x86
		{AED266AB-757B-4017-ABE9-6B41DA81F511}.Release|x64.ActiveCfg = Release|x86
		{AED266AB-757B-4017-ABE9-6B41DA81F511}.Release|x86.ActiveCfg = Release|x86
		{AED266AB-757B-4017-ABE9-6B41DA81F511}.Release|x86.Build.0 = Release|x86
	EndGlobalSection
	GlobalSection(SolutionProperties) = preSolution
		HideSolutionNode = FALSE
	EndGlobalSection
	GlobalSection(ExtensibilityGlobals) = postSolution
		SolutionGuid = {2F63F95F-428B-40B7-93FA-4FF12021A0D5}
	EndGlobalSection
EndGlobal
